
Microsoft Visual Studio Solution File, Format Version 12.00
# Visual Studio Version 17
VisualStudioVersion = 17.2.32630.192
MinimumVisualStudioVersion = 10.0.40219.1
Project("{FAE04EC0-301F-11D3-BF4B-00C04F79EFBC}") = "Calc", "Calc\Calc.csproj", "{25841307-110D-4D3C-B0AA-2F0925DD76CE}"
EndProject
Global
	GlobalSection(SolutionConfigurationPlatforms) = preSolution
		Debug|Any CPU = Debug|Any CPU
		Release|Any CPU = Release|Any CPU
	EndGlobalSection
	GlobalSection(ProjectConfigurationPlatforms) = postSolution
		{25841307-110D-4D3C-B0AA-2F0925DD76CE}.Debug|Any CPU.ActiveCfg = Debug|Any CPU
		{25841307-110D-4D3C-B0AA-2F0925DD76CE}.Debug|Any CPU.Build.0 = Debug|Any CPU
		{25841307-110D-4D3C-B0AA-2F0925DD76CE}.Release|Any CPU.ActiveCfg = Release|Any CPU
		{25841307-110D-4D3C-B0AA-2F0925DD76CE}.Release|Any CPU.Build.0 = Release|Any CPU
	EndGlobalSection
	GlobalSection(SolutionProperties) = preSolution
		HideSolutionNode = FALSE
	EndGlobalSection
	GlobalSection(ExtensibilityGlobals) = postSolution
		SolutionGuid = {724517CE-C309-4A60-B2FC-2D3E5A76A4B7}
	EndGlobalSection
EndGlobal
